
Microsoft Visual Studio Solution File, Format Version 12.00
# Visual Studio Version 17
VisualStudioVersion = 17.5.002.0
MinimumVisualStudioVersion = 10.0.40219.1
Project("{9A19103F-16F7-4668-BE54-9A1E7A4F7556}") = "DapperProject", "DapperProject.csproj", "{E5A86D95-DC77-4F6A-A9F8-0E8E273228DD}"
EndProject
Global
	GlobalSection(SolutionConfigurationPlatforms) = preSolution
		Debug|Any CPU = Debug|Any CPU
		Release|Any CPU = Release|Any CPU
	EndGlobalSection
	GlobalSection(ProjectConfigurationPlatforms) = postSolution
		{E5A86D95-DC77-4F6A-A9F8-0E8E273228DD}.Debug|Any CPU.ActiveCfg = Debug|Any CPU
		{E5A86D95-DC77-4F6A-A9F8-0E8E273228DD}.Debug|Any CPU.Build.0 = Debug|Any CPU
		{E5A86D95-DC77-4F6A-A9F8-0E8E273228DD}.Release|Any CPU.ActiveCfg = Release|Any CPU
		{E5A86D95-DC77-4F6A-A9F8-0E8E273228DD}.Release|Any CPU.Build.0 = Release|Any CPU
	EndGlobalSection
	GlobalSection(SolutionProperties) = preSolution
		HideSolutionNode = FALSE
	EndGlobalSection
	GlobalSection(ExtensibilityGlobals) = postSolution
		SolutionGuid = {EA221C85-D3FD-4A34-BB01-ECFA81E56902}
	EndGlobalSection
EndGlobal
